
Microsoft Visual Studio Solution File, Format Version 12.00
# Visual Studio Version 16
VisualStudioVersion = 16.0.32901.82
MinimumVisualStudioVersion = 10.0.40219.1
Project("{FAE04EC0-301F-11D3-BF4B-00C04F79EFBC}") = "ConsoleApp1", "ConsoleApp1\ConsoleApp1.csproj", "{CF9C86BD-47B5-4A22-9F1E-0765274377F7}"
EndProject
Project("{FAE04EC0-301F-11D3-BF4B-00C04F79EFBC}") = "ConsoleApp2", "ConsoleApp2\ConsoleApp2.csproj", "{D025229A-7A48-4E9B-B0A6-0F938318FD38}"
EndProject
Project("{FAE04EC0-301F-11D3-BF4B-00C04F79EFBC}") = "WinFormsApp1", "WinFormsApp1\WinFormsApp1.csproj", "{7869AE7A-5739-4CBC-8283-E98CA28D8273}"
EndProject
Global
	GlobalSection(SolutionConfigurationPlatforms) = preSolution
		Debug|Any CPU = Debug|Any CPU
		Release|Any CPU = Release|Any CPU
	EndGlobalSection
	GlobalSection(ProjectConfigurationPlatforms) = postSolution
		{CF9C86BD-47B5-4A22-9F1E-0765274377F7}.Debug|Any CPU.ActiveCfg = Debug|Any CPU
		{CF9C86BD-47B5-4A22-9F1E-0765274377F7}.Debug|Any CPU.Build.0 = Debug|Any CPU
		{CF9C86BD-47B5-4A22-9F1E-0765274377F7}.Release|Any CPU.ActiveCfg = Release|Any CPU
		{CF9C86BD-47B5-4A22-9F1E-0765274377F7}.Release|Any CPU.Build.0 = Release|Any CPU
		{D025229A-7A48-4E9B-B0A6-0F938318FD38}.Debug|Any CPU.ActiveCfg = Debug|Any CPU
		{D025229A-7A48-4E9B-B0A6-0F938318FD38}.Debug|Any CPU.Build.0 = Debug|Any CPU
		{D025229A-7A48-4E9B-B0A6-0F938318FD38}.Release|Any CPU.ActiveCfg = Release|Any CPU
		{D025229A-7A48-4E9B-B0A6-0F938318FD38}.Release|Any CPU.Build.0 = Release|Any CPU
		{7869AE7A-5739-4CBC-8283-E98CA28D8273}.Debug|Any CPU.ActiveCfg = Debug|Any CPU
		{7869AE7A-5739-4CBC-8283-E98CA28D8273}.Debug|Any CPU.Build.0 = Debug|Any CPU
		{7869AE7A-5739-4CBC-8283-E98CA28D8273}.Release|Any CPU.ActiveCfg = Release|Any CPU
		{7869AE7A-5739-4CBC-8283-E98CA28D8273}.Release|Any CPU.Build.0 = Release|Any CPU
	EndGlobalSection
	GlobalSection(SolutionProperties) = preSolution
		HideSolutionNode = FALSE
	EndGlobalSection
	GlobalSection(ExtensibilityGlobals) = postSolution
		SolutionGuid = {E70D051E-1265-4CE9-A873-7FC3F45A1D56}
	EndGlobalSection
EndGlobal
